{
    "_readme": [
        "This file locks the dependencies of your project to a known state",
        "Read more about it at https://getcomposer.org/doc/01-basic-usage.md#installing-dependencies",
        "This file is @generated automatically"
    ],
    "content-hash": "e3916f4967a0f2f224b26bb807eada3e",
    "packages": [
        {
            "name": "swedbank-pay/swedbank-pay-sdk-php",
            "version": "6.1.0",
            "source": {
                "type": "git",
                "url": "https://github.com/SwedbankPay/swedbank-pay-sdk-php.git",
                "reference": "93c0f01bacfd73027f4198760f7544826ad94b95"
            },
            "dist": {
                "type": "zip",
                "url": "https://api.github.com/repos/SwedbankPay/swedbank-pay-sdk-php/zipball/93c0f01bacfd73027f4198760f7544826ad94b95",
                "reference": "93c0f01bacfd73027f4198760f7544826ad94b95",
                "shasum": ""
            },
            "require": {
                "ext-curl": "*",
                "ext-json": "*"
            },
            "require-dev": {
                "codeception/codeception": "^4.1",
                "codeception/module-asserts": "^1.0.0",
                "codeception/module-phpbrowser": "^1.0.0",
                "codeception/module-webdriver": "^1.4",
                "phpmd/phpmd": "^2.6",
                "phpunit/php-code-coverage": "^6.1 || ^7.0",
                "phpunit/phpunit": "~8.5",
                "sebastian/phpcpd": "^4.1 || ^5.0",
                "squizlabs/php_codesniffer": "^3.4"
            },
            "type": "library",
            "autoload": {
                "psr-4": {
                    "SwedbankPay\\": "src/SwedbankPay/"
                }
            },
            "notification-url": "https://packagist.org/downloads/",
            "license": [
                "MIT"
            ],
            "authors": [
                {
                    "name": "Sammy Nordström",
                    "email": "sammy.nordstrom@visma.com"
                },
                {
                    "name": "Md Shahriar Siraj",
                    "email": "shahriar.siraj@visma.com"
                },
                {
                    "name": "Richard Birnik",
                    "email": "richard@aait.se"
                },
                {
                    "name": "Asbjørn Ulsberg",
                    "email": "asbjorn.ulsberg@payex.com"
                }
            ],
            "description": "The Swedbank Pay SDK for PHP simplifies integrations against Swedbank Pay's API Platform by providing native PHP interface towards the REST API.",
            "homepage": "https://github.com/SwedbankPay/swedbank-pay-sdk-php",
            "keywords": [
                "SwedbankPay",
                "ecommerce",
                "payments",
                "sdk"
            ],
            "support": {
                "issues": "https://github.com/SwedbankPay/swedbank-pay-sdk-php/issues",
                "source": "https://github.com/SwedbankPay/swedbank-pay-sdk-php/tree/v6.1.0"
            },
            "time": "2024-03-23T10:55:03+00:00"
        }
    ],
    "packages-dev": [],
    "aliases": [],
    "minimum-stability": "stable",
    "stability-flags": [],
    "prefer-stable": false,
    "prefer-lowest": false,
    "platform": [],
    "platform-dev": [],
    "plugin-api-version": "2.3.0"
}
